
Microsoft Visual Studio Solution File, Format Version 12.00
# Visual Studio Version 17
VisualStudioVersion = 17.0.31903.59
MinimumVisualStudioVersion = 10.0.40219.1
Project("{FAE04EC0-301F-11D3-BF4B-00C04F79EFBC}") = "SimpleFactory", "SimpleFactory\SimpleFactory.csproj", "{1B6AF4B7-045B-4B10-A7E7-26A42E9E74FB}"
EndProject
Project("{FAE04EC0-301F-11D3-BF4B-00C04F79EFBC}") = "FactoryMethod", "FactoryMethod\FactoryMethod.csproj", "{54332D0C-4498-40AA-AC30-25F3AE81B9BF}"
EndProject
Project("{FAE04EC0-301F-11D3-BF4B-00C04F79EFBC}") = "AbstractFactory", "AbstractFactory\AbstractFactory.csproj", "{507EA38C-DD48-475C-BBFE-C82DCCA16D65}"
EndProject
Project("{FAE04EC0-301F-11D3-BF4B-00C04F79EFBC}") = "Builder", "Builder\Builder.csproj", "{EA04A01F-85FA-42D1-BD19-5A47B12C1BC0}"
EndProject
Project("{FAE04EC0-301F-11D3-BF4B-00C04F79EFBC}") = "Prototype", "Prototype\Prototype.csproj", "{3045D695-D4C7-49F0-9B1B-1DDFEE2DF7C0}"
EndProject
Project("{FAE04EC0-301F-11D3-BF4B-00C04F79EFBC}") = "Singleton", "Singleton\Singleton.csproj", "{1541EB3D-F655-4484-8BE6-A89AEF8893AA}"
EndProject
Project("{FAE04EC0-301F-11D3-BF4B-00C04F79EFBC}") = "Adapter", "Adapter\Adapter.csproj", "{23CEF04B-F362-4F66-8608-8519312D97FC}"
EndProject
Project("{FAE04EC0-301F-11D3-BF4B-00C04F79EFBC}") = "Bridge", "Bridge\Bridge.csproj", "{0ABCDE29-E70B-42D3-AAAA-7D42129B4360}"
EndProject
Project("{FAE04EC0-301F-11D3-BF4B-00C04F79EFBC}") = "Composite", "Composite\Composite.csproj", "{BEFDCC29-E81D-4478-9A37-9FEA80DAEC93}"
EndProject
Project("{FAE04EC0-301F-11D3-BF4B-00C04F79EFBC}") = "Decorator", "Decorator\Decorator.csproj", "{5B748301-D0C6-4A3B-A040-F18C4ED98213}"
EndProject
Project("{FAE04EC0-301F-11D3-BF4B-00C04F79EFBC}") = "Facade", "Facade\Facade.csproj", "{D2ABF5A7-23DC-4FF5-88FB-91251CA61456}"
EndProject
Project("{FAE04EC0-301F-11D3-BF4B-00C04F79EFBC}") = "Flyweight", "Flyweight\Flyweight.csproj", "{D38F044B-09FB-4FC7-A2CA-8271F4441D91}"
EndProject
Project("{FAE04EC0-301F-11D3-BF4B-00C04F79EFBC}") = "Proxy", "Proxy\Proxy.csproj", "{895259C5-172A-491D-91FB-D97479975191}"
EndProject
Project("{FAE04EC0-301F-11D3-BF4B-00C04F79EFBC}") = "ChainOfResponsibility", "ChainOfResponsibility\ChainOfResponsibility.csproj", "{381C2F78-6F56-4022-A15E-68A12F52C0C9}"
EndProject
Project("{FAE04EC0-301F-11D3-BF4B-00C04F79EFBC}") = "Command", "Command\Command.csproj", "{D71A35BE-029B-4E97-B21D-A0DCF0F1259C}"
EndProject
Project("{FAE04EC0-301F-11D3-BF4B-00C04F79EFBC}") = "Iterator", "Iterator\Iterator.csproj", "{08CF74A5-2DF7-4FE0-99C0-346DCBD79F4E}"
EndProject
Project("{FAE04EC0-301F-11D3-BF4B-00C04F79EFBC}") = "Mediator", "Mediator\Mediator.csproj", "{7565E7CA-DBBF-4CD3-BB5F-9659964DB0B9}"
EndProject
Global
	GlobalSection(SolutionConfigurationPlatforms) = preSolution
		Debug|Any CPU = Debug|Any CPU
		Release|Any CPU = Release|Any CPU
	EndGlobalSection
	GlobalSection(SolutionProperties) = preSolution
		HideSolutionNode = FALSE
	EndGlobalSection
	GlobalSection(ProjectConfigurationPlatforms) = postSolution
		{1B6AF4B7-045B-4B10-A7E7-26A42E9E74FB}.Debug|Any CPU.ActiveCfg = Debug|Any CPU
		{1B6AF4B7-045B-4B10-A7E7-26A42E9E74FB}.Debug|Any CPU.Build.0 = Debug|Any CPU
		{1B6AF4B7-045B-4B10-A7E7-26A42E9E74FB}.Release|Any CPU.ActiveCfg = Release|Any CPU
		{1B6AF4B7-045B-4B10-A7E7-26A42E9E74FB}.Release|Any CPU.Build.0 = Release|Any CPU
		{54332D0C-4498-40AA-AC30-25F3AE81B9BF}.Debug|Any CPU.ActiveCfg = Debug|Any CPU
		{54332D0C-4498-40AA-AC30-25F3AE81B9BF}.Debug|Any CPU.Build.0 = Debug|Any CPU
		{54332D0C-4498-40AA-AC30-25F3AE81B9BF}.Release|Any CPU.ActiveCfg = Release|Any CPU
		{54332D0C-4498-40AA-AC30-25F3AE81B9BF}.Release|Any CPU.Build.0 = Release|Any CPU
		{507EA38C-DD48-475C-BBFE-C82DCCA16D65}.Debug|Any CPU.ActiveCfg = Debug|Any CPU
		{507EA38C-DD48-475C-BBFE-C82DCCA16D65}.Debug|Any CPU.Build.0 = Debug|Any CPU
		{507EA38C-DD48-475C-BBFE-C82DCCA16D65}.Release|Any CPU.ActiveCfg = Release|Any CPU
		{507EA38C-DD48-475C-BBFE-C82DCCA16D65}.Release|Any CPU.Build.0 = Release|Any CPU
		{EA04A01F-85FA-42D1-BD19-5A47B12C1BC0}.Debug|Any CPU.ActiveCfg = Debug|Any CPU
		{EA04A01F-85FA-42D1-BD19-5A47B12C1BC0}.Debug|Any CPU.Build.0 = Debug|Any CPU
		{EA04A01F-85FA-42D1-BD19-5A47B12C1BC0}.Release|Any CPU.ActiveCfg = Release|Any CPU
		{EA04A01F-85FA-42D1-BD19-5A47B12C1BC0}.Release|Any CPU.Build.0 = Release|Any CPU
		{3045D695-D4C7-49F0-9B1B-1DDFEE2DF7C0}.Debug|Any CPU.ActiveCfg = Debug|Any CPU
		{3045D695-D4C7-49F0-9B1B-1DDFEE2DF7C0}.Debug|Any CPU.Build.0 = Debug|Any CPU
		{3045D695-D4C7-49F0-9B1B-1DDFEE2DF7C0}.Release|Any CPU.ActiveCfg = Release|Any CPU
		{3045D695-D4C7-49F0-9B1B-1DDFEE2DF7C0}.Release|Any CPU.Build.0 = Release|Any CPU
		{1541EB3D-F655-4484-8BE6-A89AEF8893AA}.Debug|Any CPU.ActiveCfg = Debug|Any CPU
		{1541EB3D-F655-4484-8BE6-A89AEF8893AA}.Debug|Any CPU.Build.0 = Debug|Any CPU
		{1541EB3D-F655-4484-8BE6-A89AEF8893AA}.Release|Any CPU.ActiveCfg = Release|Any CPU
		{1541EB3D-F655-4484-8BE6-A89AEF8893AA}.Release|Any CPU.Build.0 = Release|Any CPU
		{23CEF04B-F362-4F66-8608-8519312D97FC}.Debug|Any CPU.ActiveCfg = Debug|Any CPU
		{23CEF04B-F362-4F66-8608-8519312D97FC}.Debug|Any CPU.Build.0 = Debug|Any CPU
		{23CEF04B-F362-4F66-8608-8519312D97FC}.Release|Any CPU.ActiveCfg = Release|Any CPU
		{23CEF04B-F362-4F66-8608-8519312D97FC}.Release|Any CPU.Build.0 = Release|Any CPU
		{0ABCDE29-E70B-42D3-AAAA-7D42129B4360}.Debug|Any CPU.ActiveCfg = Debug|Any CPU
		{0ABCDE29-E70B-42D3-AAAA-7D42129B4360}.Debug|Any CPU.Build.0 = Debug|Any CPU
		{0ABCDE29-E70B-42D3-AAAA-7D42129B4360}.Release|Any CPU.ActiveCfg = Release|Any CPU
		{0ABCDE29-E70B-42D3-AAAA-7D42129B4360}.Release|Any CPU.Build.0 = Release|Any CPU
		{BEFDCC29-E81D-4478-9A37-9FEA80DAEC93}.Debug|Any CPU.ActiveCfg = Debug|Any CPU
		{BEFDCC29-E81D-4478-9A37-9FEA80DAEC93}.Debug|Any CPU.Build.0 = Debug|Any CPU
		{BEFDCC29-E81D-4478-9A37-9FEA80DAEC93}.Release|Any CPU.ActiveCfg = Release|Any CPU
		{BEFDCC29-E81D-4478-9A37-9FEA80DAEC93}.Release|Any CPU.Build.0 = Release|Any CPU
		{5B748301-D0C6-4A3B-A040-F18C4ED98213}.Debug|Any CPU.ActiveCfg = Debug|Any CPU
		{5B748301-D0C6-4A3B-A040-F18C4ED98213}.Debug|Any CPU.Build.0 = Debug|Any CPU
		{5B748301-D0C6-4A3B-A040-F18C4ED98213}.Release|Any CPU.ActiveCfg = Release|Any CPU
		{5B748301-D0C6-4A3B-A040-F18C4ED98213}.Release|Any CPU.Build.0 = Release|Any CPU
		{D2ABF5A7-23DC-4FF5-88FB-91251CA61456}.Debug|Any CPU.ActiveCfg = Debug|Any CPU
		{D2ABF5A7-23DC-4FF5-88FB-91251CA61456}.Debug|Any CPU.Build.0 = Debug|Any CPU
		{D2ABF5A7-23DC-4FF5-88FB-91251CA61456}.Release|Any CPU.ActiveCfg = Release|Any CPU
		{D2ABF5A7-23DC-4FF5-88FB-91251CA61456}.Release|Any CPU.Build.0 = Release|Any CPU
		{D38F044B-09FB-4FC7-A2CA-8271F4441D91}.Debug|Any CPU.ActiveCfg = Debug|Any CPU
		{D38F044B-09FB-4FC7-A2CA-8271F4441D91}.Debug|Any CPU.Build.0 = Debug|Any CPU
		{D38F044B-09FB-4FC7-A2CA-8271F4441D91}.Release|Any CPU.ActiveCfg = Release|Any CPU
		{D38F044B-09FB-4FC7-A2CA-8271F4441D91}.Release|Any CPU.Build.0 = Release|Any CPU
		{895259C5-172A-491D-91FB-D97479975191}.Debug|Any CPU.ActiveCfg = Debug|Any CPU
		{895259C5-172A-491D-91FB-D97479975191}.Debug|Any CPU.Build.0 = Debug|Any CPU
		{895259C5-172A-491D-91FB-D97479975191}.Release|Any CPU.ActiveCfg = Release|Any CPU
		{895259C5-172A-491D-91FB-D97479975191}.Release|Any CPU.Build.0 = Release|Any CPU
		{381C2F78-6F56-4022-A15E-68A12F52C0C9}.Debug|Any CPU.ActiveCfg = Debug|Any CPU
		{381C2F78-6F56-4022-A15E-68A12F52C0C9}.Debug|Any CPU.Build.0 = Debug|Any CPU
		{381C2F78-6F56-4022-A15E-68A12F52C0C9}.Release|Any CPU.ActiveCfg = Release|Any CPU
		{381C2F78-6F56-4022-A15E-68A12F52C0C9}.Release|Any CPU.Build.0 = Release|Any CPU
		{D71A35BE-029B-4E97-B21D-A0DCF0F1259C}.Debug|Any CPU.ActiveCfg = Debug|Any CPU
		{D71A35BE-029B-4E97-B21D-A0DCF0F1259C}.Debug|Any CPU.Build.0 = Debug|Any CPU
		{D71A35BE-029B-4E97-B21D-A0DCF0F1259C}.Release|Any CPU.ActiveCfg = Release|Any CPU
		{D71A35BE-029B-4E97-B21D-A0DCF0F1259C}.Release|Any CPU.Build.0 = Release|Any CPU
		{08CF74A5-2DF7-4FE0-99C0-346DCBD79F4E}.Debug|Any CPU.ActiveCfg = Debug|Any CPU
		{08CF74A5-2DF7-4FE0-99C0-346DCBD79F4E}.Debug|Any CPU.Build.0 = Debug|Any CPU
		{08CF74A5-2DF7-4FE0-99C0-346DCBD79F4E}.Release|Any CPU.ActiveCfg = Release|Any CPU
		{08CF74A5-2DF7-4FE0-99C0-346DCBD79F4E}.Release|Any CPU.Build.0 = Release|Any CPU
		{7565E7CA-DBBF-4CD3-BB5F-9659964DB0B9}.Debug|Any CPU.ActiveCfg = Debug|Any CPU
		{7565E7CA-DBBF-4CD3-BB5F-9659964DB0B9}.Debug|Any CPU.Build.0 = Debug|Any CPU
		{7565E7CA-DBBF-4CD3-BB5F-9659964DB0B9}.Release|Any CPU.ActiveCfg = Release|Any CPU
		{7565E7CA-DBBF-4CD3-BB5F-9659964DB0B9}.Release|Any CPU.Build.0 = Release|Any CPU
	EndGlobalSection
EndGlobal
